// !$*UTF8*$!
{
	archiveVersion = 1;
	classes = {
	};
	objectVersion = 50;
	objects = {

/* Begin PBXBuildFile section */
		43D255F60ED9AF7D4BE04242 /* Pods_Flix.framework in Frameworks */ = {isa = PBXBuildFile; fileRef = 17AA4E51E50A2A50ABB7D12B /* Pods_Flix.framework */; };
		4B30372B25D24ABC002B5334 /* AppDelegate.swift in Sources */ = {isa = PBXBuildFile; fileRef = 4B30372A25D24ABC002B5334 /* AppDelegate.swift */; };
		4B30372D25D24ABC002B5334 /* SceneDelegate.swift in Sources */ = {isa = PBXBuildFile; fileRef = 4B30372C25D24ABC002B5334 /* SceneDelegate.swift */; };
		4B30373225D24ABC002B5334 /* Main.storyboard in Resources */ = {isa = PBXBuildFile; fileRef = 4B30373025D24ABC002B5334 /* Main.storyboard */; };
		4B30373425D24ABF002B5334 /* Assets.xcassets in Resources */ = {isa = PBXBuildFile; fileRef = 4B30373325D24ABF002B5334 /* Assets.xcassets */; };
		4B30373725D24ABF002B5334 /* LaunchScreen.storyboard in Resources */ = {isa = PBXBuildFile; fileRef = 4B30373525D24ABF002B5334 /* LaunchScreen.storyboard */; };
		4B30374225D24ABF002B5334 /* FlixTests.swift in Sources */ = {isa = PBXBuildFile; fileRef = 4B30374125D24ABF002B5334 /* FlixTests.swift */; };
		4B30374D25D24AC0002B5334 /* FlixUITests.swift in Sources */ = {isa = PBXBuildFile; fileRef = 4B30374C25D24AC0002B5334 /* FlixUITests.swift */; };
		4B430E3D25D2546600AA61E4 /* MoviesViewController.swift in Sources */ = {isa = PBXBuildFile; fileRef = 4B430E3C25D2546600AA61E4 /* MoviesViewController.swift */; };
		4B91168825D4846800BD2477 /* MovieCell.swift in Sources */ = {isa = PBXBuildFile; fileRef = 4B91168725D4846800BD2477 /* MovieCell.swift */; };
		711D05E3DB5EEC60A8211836 /* Pods_Flix_FlixUITests.framework in Frameworks */ = {isa = PBXBuildFile; fileRef = 3F0F8663B5475385849EB5BF /* Pods_Flix_FlixUITests.framework */; };
		A1EE8B6AD4535D046D145E0F /* Pods_FlixTests.framework in Frameworks */ = {isa = PBXBuildFile; fileRef = E8C55100DDE668B71CCEB1D1 /* Pods_FlixTests.framework */; };
/* End PBXBuildFile section */

/* Begin PBXContainerItemProxy section */
		4B30373E25D24ABF002B5334 /* PBXContainerItemProxy */ = {
			isa = PBXContainerItemProxy;
			containerPortal = 4B30371F25D24ABC002B5334 /* Project object */;
			proxyType = 1;
			remoteGlobalIDString = 4B30372625D24ABC002B5334;
			remoteInfo = Flix;
		};
		4B30374925D24AC0002B5334 /* PBXContainerItemProxy */ = {
			isa = PBXContainerItemProxy;
			containerPortal = 4B30371F25D24ABC002B5334 /* Project object */;
			proxyType = 1;
			remoteGlobalIDString = 4B30372625D24ABC002B5334;
			remoteInfo = Flix;
		};
/* End PBXContainerItemProxy section */

/* Begin PBXFileReference section */
		17AA4E51E50A2A50ABB7D12B /* Pods_Flix.framework */ = {isa = PBXFileReference; explicitFileType = wrapper.framework; includeInIndex = 0; path = Pods_Flix.framework; sourceTree = BUILT_PRODUCTS_DIR; };
		19D3A0D89B38588A1D9A3C11 /* Pods-FlixTests.debug.xcconfig */ = {isa = PBXFileReference; includeInIndex = 1; lastKnownFileType = text.xcconfig; name = "Pods-FlixTests.debug.xcconfig"; path = "Target Support Files/Pods-FlixTests/Pods-FlixTests.debug.xcconfig"; sourceTree = "<group>"; };
		27F608D3704822FEC631F65B /* Pods-FlixTests.release.xcconfig */ = {isa = PBXFileReference; includeInIndex = 1; lastKnownFileType = text.xcconfig; name = "Pods-FlixTests.release.xcconfig"; path = "Target Support Files/Pods-FlixTests/Pods-FlixTests.release.xcconfig"; sourceTree = "<group>"; };
		33B1FC03EAE2A0ACC745B367 /* Pods-Flix-FlixUITests.release.xcconfig */ = {isa = PBXFileReference; includeInIndex = 1; lastKnownFileType = text.xcconfig; name = "Pods-Flix-FlixUITests.release.xcconfig"; path = "Target Support Files/Pods-Flix-FlixUITests/Pods-Flix-FlixUITests.release.xcconfig"; sourceTree = "<group>"; };
		39848001187A9271013EB15B /* Pods-Flix.release.xcconfig */ = {isa = PBXFileReference; includeInIndex = 1; lastKnownFileType = text.xcconfig; name = "Pods-Flix.release.xcconfig"; path = "Target Support Files/Pods-Flix/Pods-Flix.release.xcconfig"; sourceTree = "<group>"; };
		3F0F8663B5475385849EB5BF /* Pods_Flix_FlixUITests.framework */ = {isa = PBXFileReference; explicitFileType = wrapper.framework; includeInIndex = 0; path = Pods_Flix_FlixUITests.framework; sourceTree = BUILT_PRODUCTS_DIR; };
		4B30372725D24ABC002B5334 /* Flix.app */ = {isa = PBXFileReference; explicitFileType = wrapper.application; includeInIndex = 0; path = Flix.app; sourceTree = BUILT_PRODUCTS_DIR; };
		4B30372A25D24ABC002B5334 /* AppDelegate.swift */ = {isa = PBXFileReference; lastKnownFileType = sourcecode.swift; path = AppDelegate.swift; sourceTree = "<group>"; };
		4B30372C25D24ABC002B5334 /* SceneDelegate.swift */ = {isa = PBXFileReference; lastKnownFileType = sourcecode.swift; path = SceneDelegate.swift; sourceTree = "<group>"; };
		4B30373125D24ABC002B5334 /* Base */ = {isa = PBXFileReference; lastKnownFileType = file.storyboard; name = Base; path = Base.lproj/Main.storyboard; sourceTree = "<group>"; };
		4B30373325D24ABF002B5334 /* Assets.xcassets */ = {isa = PBXFileReference; lastKnownFileType = folder.assetcatalog; path = Assets.xcassets; sourceTree = "<group>"; };
		4B30373625D24ABF002B5334 /* Base */ = {isa = PBXFileReference; lastKnownFileType = file.storyboard; name = Base; path = Base.lproj/LaunchScreen.storyboard; sourceTree = "<group>"; };
		4B30373825D24ABF002B5334 /* Info.plist */ = {isa = PBXFileReference; lastKnownFileType = text.plist.xml; path = Info.plist; sourceTree = "<group>"; };
		4B30373D25D24ABF002B5334 /* FlixTests.xctest */ = {isa = PBXFileReference; explicitFileType = wrapper.cfbundle; includeInIndex = 0; path = FlixTests.xctest; sourceTree = BUILT_PRODUCTS_DIR; };
		4B30374125D24ABF002B5334 /* FlixTests.swift */ = {isa = PBXFileReference; lastKnownFileType = sourcecode.swift; path = FlixTests.swift; sourceTree = "<group>"; };
		4B30374325D24AC0002B5334 /* Info.plist */ = {isa = PBXFileReference; lastKnownFileType = text.plist.xml; path = Info.plist; sourceTree = "<group>"; };
		4B30374825D24AC0002B5334 /* FlixUITests.xctest */ = {isa = PBXFileReference; explicitFileType = wrapper.cfbundle; includeInIndex = 0; path = FlixUITests.xctest; sourceTree = BUILT_PRODUCTS_DIR; };
		4B30374C25D24AC0002B5334 /* FlixUITests.swift */ = {isa = PBXFileReference; lastKnownFileType = sourcecode.swift; path = FlixUITests.swift; sourceTree = "<group>"; };
		4B30374E25D24AC0002B5334 /* Info.plist */ = {isa = PBXFileReference; lastKnownFileType = text.plist.xml; path = Info.plist; sourceTree = "<group>"; };
		4B430E3C25D2546600AA61E4 /* MoviesViewController.swift */ = {isa = PBXFileReference; lastKnownFileType = sourcecode.swift; path = MoviesViewController.swift; sourceTree = "<group>"; };
		4B91168725D4846800BD2477 /* MovieCell.swift */ = {isa = PBXFileReference; lastKnownFileType = sourcecode.swift; path = MovieCell.swift; sourceTree = "<group>"; };
		6E3D5C126999667D04F5583D /* Pods-Flix-FlixUITests.debug.xcconfig */ = {isa = PBXFileReference; includeInIndex = 1; lastKnownFileType = text.xcconfig; name = "Pods-Flix-FlixUITests.debug.xcconfig"; path = "Target Support Files/Pods-Flix-FlixUITests/Pods-Flix-FlixUITests.debug.xcconfig"; sourceTree = "<group>"; };
		E07CFEC94587539814E62139 /* Pods-Flix.debug.xcconfig */ = {isa = PBXFileReference; includeInIndex = 1; lastKnownFileType = text.xcconfig; name = "Pods-Flix.debug.xcconfig"; path = "Target Support Files/Pods-Flix/Pods-Flix.debug.xcconfig"; sourceTree = "<group>"; };
		E8C55100DDE668B71CCEB1D1 /* Pods_FlixTests.framework */ = {isa = PBXFileReference; explicitFileType = wrapper.framework; includeInIndex = 0; path = Pods_FlixTests.framework; sourceTree = BUILT_PRODUCTS_DIR; };
/* End PBXFileReference section */

/* Begin PBXFrameworksBuildPhase section */
		4B30372425D24ABC002B5334 /* Frameworks */ = {
			isa = PBXFrameworksBuildPhase;
			buildActionMask = 2147483647;
			files = (
				43D255F60ED9AF7D4BE04242 /* Pods_Flix.framework in Frameworks */,
			);
			runOnlyForDeploymentPostprocessing = 0;
		};
		4B30373A25D24ABF002B5334 /* Frameworks */ = {
			isa = PBXFrameworksBuildPhase;
			buildActionMask = 2147483647;
			files = (
				A1EE8B6AD4535D046D145E0F /* Pods_FlixTests.framework in Frameworks */,
			);
			runOnlyForDeploymentPostprocessing = 0;
		};
		4B30374525D24AC0002B5334 /* Frameworks */ = {
			isa = PBXFrameworksBuildPhase;
			buildActionMask = 2147483647;
			files = (
				711D05E3DB5EEC60A8211836 /* Pods_Flix_FlixUITests.framework in Frameworks */,
			);
			runOnlyForDeploymentPostprocessing = 0;
		};
/* End PBXFrameworksBuildPhase section */

/* Begin PBXGroup section */
		03049C2D0AA017246A656522 /* Pods */ = {
			isa = PBXGroup;
			children = (
				E07CFEC94587539814E62139 /* Pods-Flix.debug.xcconfig */,
				39848001187A9271013EB15B /* Pods-Flix.release.xcconfig */,
				6E3D5C126999667D04F5583D /* Pods-Flix-FlixUITests.debug.xcconfig */,
				33B1FC03EAE2A0ACC745B367 /* Pods-Flix-FlixUITests.release.xcconfig */,
				19D3A0D89B38588A1D9A3C11 /* Pods-FlixTests.debug.xcconfig */,
				27F608D3704822FEC631F65B /* Pods-FlixTests.release.xcconfig */,
			);
			name = Pods;
			path = Pods;
			sourceTree = "<group>";
		};
		4B30371E25D24ABC002B5334 = {
			isa = PBXGroup;
			children = (
				4B30372925D24ABC002B5334 /* Flix */,
				4B30374025D24ABF002B5334 /* FlixTests */,
				4B30374B25D24AC0002B5334 /* FlixUITests */,
				4B30372825D24ABC002B5334 /* Products */,
				03049C2D0AA017246A656522 /* Pods */,
				6E757C356CBEA3044731571C /* Frameworks */,
			);
			sourceTree = "<group>";
		};
		4B30372825D24ABC002B5334 /* Products */ = {
			isa = PBXGroup;
			children = (
				4B30372725D24ABC002B5334 /* Flix.app */,
				4B30373D25D24ABF002B5334 /* FlixTests.xctest */,
				4B30374825D24AC0002B5334 /* FlixUITests.xctest */,
			);
			name = Products;
			sourceTree = "<group>";
		};
		4B30372925D24ABC002B5334 /* Flix */ = {
			isa = PBXGroup;
			children = (
				4B30372A25D24ABC002B5334 /* AppDelegate.swift */,
				4B30372C25D24ABC002B5334 /* SceneDelegate.swift */,
				4B30373025D24ABC002B5334 /* Main.storyboard */,
				4B91168725D4846800BD2477 /* MovieCell.swift */,
				4B430E3C25D2546600AA61E4 /* MoviesViewController.swift */,
				4B30373325D24ABF002B5334 /* Assets.xcassets */,
				4B30373525D24ABF002B5334 /* LaunchScreen.storyboard */,
				4B30373825D24ABF002B5334 /* Info.plist */,
			);
			path = Flix;
			sourceTree = "<group>";
		};
		4B30374025D24ABF002B5334 /* FlixTests */ = {
			isa = PBXGroup;
			children = (
				4B30374125D24ABF002B5334 /* FlixTests.swift */,
				4B30374325D24AC0002B5334 /* Info.plist */,
			);
			path = FlixTests;
			sourceTree = "<group>";
		};
		4B30374B25D24AC0002B5334 /* FlixUITests */ = {
			isa = PBXGroup;
			children = (
				4B30374C25D24AC0002B5334 /* FlixUITests.swift */,
				4B30374E25D24AC0002B5334 /* Info.plist */,
			);
			path = FlixUITests;
			sourceTree = "<group>";
		};
		6E757C356CBEA3044731571C /* Frameworks */ = {
			isa = PBXGroup;
			children = (
				17AA4E51E50A2A50ABB7D12B /* Pods_Flix.framework */,
				3F0F8663B5475385849EB5BF /* Pods_Flix_FlixUITests.framework */,
				E8C55100DDE668B71CCEB1D1 /* Pods_FlixTests.framework */,
			);
			name = Frameworks;
			sourceTree = "<group>";
		};
/* End PBXGroup section */

/* Begin PBXNativeTarget section */
		4B30372625D24ABC002B5334 /* Flix */ = {
			isa = PBXNativeTarget;
			buildConfigurationList = 4B30375125D24AC0002B5334 /* Build configuration list for PBXNativeTarget "Flix" */;
			buildPhases = (
				2C551DC7694408C4605113B7 /* [CP] Check Pods Manifest.lock */,
				4B30372325D24ABC002B5334 /* Sources */,
				4B30372425D24ABC002B5334 /* Frameworks */,
				4B30372525D24ABC002B5334 /* Resources */,
				55606D1D10AF886F84BD2FE0 /* [CP] Embed Pods Frameworks */,
			);
			buildRules = (
			);
			dependencies = (
			);
			name = Flix;
			productName = Flix;
			productReference = 4B30372725D24ABC002B5334 /* Flix.app */;
			productType = "com.apple.product-type.application";
		};
		4B30373C25D24ABF002B5334 /* FlixTests */ = {
			isa = PBXNativeTarget;
			buildConfigurationList = 4B30375425D24AC0002B5334 /* Build configuration list for PBXNativeTarget "FlixTests" */;
			buildPhases = (
				BC192C96F4D02E10E34538CF /* [CP] Check Pods Manifest.lock */,
				4B30373925D24ABF002B5334 /* Sources */,
				4B30373A25D24ABF002B5334 /* Frameworks */,
				4B30373B25D24ABF002B5334 /* Resources */,
			);
			buildRules = (
			);
			dependencies = (
				4B30373F25D24ABF002B5334 /* PBXTargetDependency */,
			);
			name = FlixTests;
			productName = FlixTests;
			productReference = 4B30373D25D24ABF002B5334 /* FlixTests.xctest */;
			productType = "com.apple.product-type.bundle.unit-test";
		};
		4B30374725D24AC0002B5334 /* FlixUITests */ = {
			isa = PBXNativeTarget;
			buildConfigurationList = 4B30375725D24AC0002B5334 /* Build configuration list for PBXNativeTarget "FlixUITests" */;
			buildPhases = (
				FEAD88A850040674873390D6 /* [CP] Check Pods Manifest.lock */,
				4B30374425D24AC0002B5334 /* Sources */,
				4B30374525D24AC0002B5334 /* Frameworks */,
				4B30374625D24AC0002B5334 /* Resources */,
				F405FF9E53332C458F4EC475 /* [CP] Embed Pods Frameworks */,
			);
			buildRules = (
			);
			dependencies = (
				4B30374A25D24AC0002B5334 /* PBXTargetDependency */,
			);
			name = FlixUITests;
			productName = FlixUITests;
			productReference = 4B30374825D24AC0002B5334 /* FlixUITests.xctest */;
			productType = "com.apple.product-type.bundle.ui-testing";
		};
/* End PBXNativeTarget section */

/* Begin PBXProject section */
		4B30371F25D24ABC002B5334 /* Project object */ = {
			isa = PBXProject;
			attributes = {
				LastSwiftUpdateCheck = 1230;
				LastUpgradeCheck = 1230;
				TargetAttributes = {
					4B30372625D24ABC002B5334 = {
						CreatedOnToolsVersion = 12.3;
					};
					4B30373C25D24ABF002B5334 = {
						CreatedOnToolsVersion = 12.3;
						TestTargetID = 4B30372625D24ABC002B5334;
					};
					4B30374725D24AC0002B5334 = {
						CreatedOnToolsVersion = 12.3;
						TestTargetID = 4B30372625D24ABC002B5334;
					};
				};
			};
			buildConfigurationList = 4B30372225D24ABC002B5334 /* Build configuration list for PBXProject "Flix" */;
			compatibilityVersion = "Xcode 9.3";
			developmentRegion = en;
			hasScannedForEncodings = 0;
			knownRegions = (
				en,
				Base,
			);
			mainGroup = 4B30371E25D24ABC002B5334;
			productRefGroup = 4B30372825D24ABC002B5334 /* Products */;
			projectDirPath = "";
			projectRoot = "";
			targets = (
				4B30372625D24ABC002B5334 /* Flix */,
				4B30373C25D24ABF002B5334 /* FlixTests */,
				4B30374725D24AC0002B5334 /* FlixUITests */,
			);
		};
/* End PBXProject section */

/* Begin PBXResourcesBuildPhase section */
		4B30372525D24ABC002B5334 /* Resources */ = {
			isa = PBXResourcesBuildPhase;
			buildActionMask = 2147483647;
			files = (
				4B30373725D24ABF002B5334 /* LaunchScreen.storyboard in Resources */,
				4B30373425D24ABF002B5334 /* Assets.xcassets in Resources */,
				4B30373225D24ABC002B5334 /* Main.storyboard in Resources */,
			);
			runOnlyForDeploymentPostprocessing = 0;
		};
		4B30373B25D24ABF002B5334 /* Resources */ = {
			isa = PBXResourcesBuildPhase;
			buildActionMask = 2147483647;
			files = (
			);
			runOnlyForDeploymentPostprocessing = 0;
		};
		4B30374625D24AC0002B5334 /* Resources */ = {
			isa = PBXResourcesBuildPhase;
			buildActionMask = 2147483647;
			files = (
			);
			runOnlyForDeploymentPostprocessing = 0;
		};
/* End PBXResourcesBuildPhase section */

/* Begin PBXShellScriptBuildPhase section */
		2C551DC7694408C4605113B7 /* [CP] Check Pods Manifest.lock */ = {
			isa = PBXShellScriptBuildPhase;
			buildActionMask = 2147483647;
			files = (
			);
			inputFileListPaths = (
			);
			inputPaths = (
				"${PODS_PODFILE_DIR_PATH}/Podfile.lock",
				"${PODS_ROOT}/Manifest.lock",
			);
			name = "[CP] Check Pods Manifest.lock";
			outputFileListPaths = (
			);
			outputPaths = (
				"$(DERIVED_FILE_DIR)/Pods-Flix-checkManifestLockResult.txt",
			);
			runOnlyForDeploymentPostprocessing = 0;
			shellPath = /bin/sh;
			shellScript = "diff \"${PODS_PODFILE_DIR_PATH}/Podfile.lock\" \"${PODS_ROOT}/Manifest.lock\" > /dev/null\nif [ $? != 0 ] ; then\n    # print error to STDERR\n    echo \"error: The sandbox is not in sync with the Podfile.lock. Run 'pod install' or update your CocoaPods installation.\" >&2\n    exit 1\nfi\n# This output is used by Xcode 'outputs' to avoid re-running this script phase.\necho \"SUCCESS\" > \"${SCRIPT_OUTPUT_FILE_0}\"\n";
			showEnvVarsInLog = 0;
		};
		55606D1D10AF886F84BD2FE0 /* [CP] Embed Pods Frameworks */ = {
			isa = PBXShellScriptBuildPhase;
			buildActionMask = 2147483647;
			files = (
			);
			inputFileListPaths = (
				"${PODS_ROOT}/Target Support Files/Pods-Flix/Pods-Flix-frameworks-${CONFIGURATION}-input-files.xcfilelist",
			);
			name = "[CP] Embed Pods Frameworks";
			outputFileListPaths = (
				"${PODS_ROOT}/Target Support Files/Pods-Flix/Pods-Flix-frameworks-${CONFIGURATION}-output-files.xcfilelist",
			);
			runOnlyForDeploymentPostprocessing = 0;
			shellPath = /bin/sh;
			shellScript = "\"${PODS_ROOT}/Target Support Files/Pods-Flix/Pods-Flix-frameworks.sh\"\n";
			showEnvVarsInLog = 0;
		};
		BC192C96F4D02E10E34538CF /* [CP] Check Pods Manifest.lock */ = {
			isa = PBXShellScriptBuildPhase;
			buildActionMask = 2147483647;
			files = (
			);
			inputFileListPaths = (
			);
			inputPaths = (
				"${PODS_PODFILE_DIR_PATH}/Podfile.lock",
				"${PODS_ROOT}/Manifest.lock",
			);
			name = "[CP] Check Pods Manifest.lock";
			outputFileListPaths = (
			);
			outputPaths = (
				"$(DERIVED_FILE_DIR)/Pods-FlixTests-checkManifestLockResult.txt",
			);
			runOnlyForDeploymentPostprocessing = 0;
			shellPath = /bin/sh;
			shellScript = "diff \"${PODS_PODFILE_DIR_PATH}/Podfile.lock\" \"${PODS_ROOT}/Manifest.lock\" > /dev/null\nif [ $? != 0 ] ; then\n    # print error to STDERR\n    echo \"error: The sandbox is not in sync with the Podfile.lock. Run 'pod install' or update your CocoaPods installation.\" >&2\n    exit 1\nfi\n# This output is used by Xcode 'outputs' to avoid re-running this script phase.\necho \"SUCCESS\" > \"${SCRIPT_OUTPUT_FILE_0}\"\n";
			showEnvVarsInLog = 0;
		};
		F405FF9E53332C458F4EC475 /* [CP] Embed Pods Frameworks */ = {
			isa = PBXShellScriptBuildPhase;
			buildActionMask = 2147483647;
			files = (
			);
			inputFileListPaths = (
				"${PODS_ROOT}/Target Support Files/Pods-Flix-FlixUITests/Pods-Flix-FlixUITests-frameworks-${CONFIGURATION}-input-files.xcfilelist",
			);
			name = "[CP] Embed Pods Frameworks";
			outputFileListPaths = (
				"${PODS_ROOT}/Target Support Files/Pods-Flix-FlixUITests/Pods-Flix-FlixUITests-frameworks-${CONFIGURATION}-output-files.xcfilelist",
			);
			runOnlyForDeploymentPostprocessing = 0;
			shellPath = /bin/sh;
			shellScript = "\"${PODS_ROOT}/Target Support Files/Pods-Flix-FlixUITests/Pods-Flix-FlixUITests-frameworks.sh\"\n";
			showEnvVarsInLog = 0;
		};
		FEAD88A850040674873390D6 /* [CP] Check Pods Manifest.lock */ = {
			isa = PBXShellScriptBuildPhase;
			buildActionMask = 2147483647;
			files = (
			);
			inputFileListPaths = (
			);
			inputPaths = (
				"${PODS_PODFILE_DIR_PATH}/Podfile.lock",
				"${PODS_ROOT}/Manifest.lock",
			);
			name = "[CP] Check Pods Manifest.lock";
			outputFileListPaths = (
			);
			outputPaths = (
				"$(DERIVED_FILE_DIR)/Pods-Flix-FlixUITests-checkManifestLockResult.txt",
			);
			runOnlyForDeploymentPostprocessing = 0;
			shellPath = /bin/sh;
			shellScript = "diff \"${PODS_PODFILE_DIR_PATH}/Podfile.lock\" \"${PODS_ROOT}/Manifest.lock\" > /dev/null\nif [ $? != 0 ] ; then\n    # print error to STDERR\n    echo \"error: The sandbox is not in sync with the Podfile.lock. Run 'pod install' or update your CocoaPods installation.\" >&2\n    exit 1\nfi\n# This output is used by Xcode 'outputs' to avoid re-running this script phase.\necho \"SUCCESS\" > \"${SCRIPT_OUTPUT_FILE_0}\"\n";
			showEnvVarsInLog = 0;
		};
/* End PBXShellScriptBuildPhase section */

/* Begin PBXSourcesBuildPhase section */
		4B30372325D24ABC002B5334 /* Sources */ = {
			isa = PBXSourcesBuildPhase;
			buildActionMask = 2147483647;
			files = (
				4B30372B25D24ABC002B5334 /* AppDelegate.swift in Sources */,
				4B30372D25D24ABC002B5334 /* SceneDelegate.swift in Sources */,
				4B91168825D4846800BD2477 /* MovieCell.swift in Sources */,
				4B430E3D25D2546600AA61E4 /* MoviesViewController.swift in Sources */,
			);
			runOnlyForDeploymentPostprocessing = 0;
		};
		4B30373925D24ABF002B5334 /* Sources */ = {
			isa = PBXSourcesBuildPhase;
			buildActionMask = 2147483647;
			files = (
				4B30374225D24ABF002B5334 /* FlixTests.swift in Sources */,
			);
			runOnlyForDeploymentPostprocessing = 0;
		};
		4B30374425D24AC0002B5334 /* Sources */ = {
			isa = PBXSourcesBuildPhase;
			buildActionMask = 2147483647;
			files = (
				4B30374D25D24AC0002B5334 /* FlixUITests.swift in Sources */,
			);
			runOnlyForDeploymentPostprocessing = 0;
		};
/* End PBXSourcesBuildPhase section */

/* Begin PBXTargetDependency section */
		4B30373F25D24ABF002B5334 /* PBXTargetDependency */ = {
			isa = PBXTargetDependency;
			target = 4B30372625D24ABC002B5334 /* Flix */;
			targetProxy = 4B30373E25D24ABF002B5334 /* PBXContainerItemProxy */;
		};
		4B30374A25D24AC0002B5334 /* PBXTargetDependency */ = {
			isa = PBXTargetDependency;
			target = 4B30372625D24ABC002B5334 /* Flix */;
			targetProxy = 4B30374925D24AC0002B5334 /* PBXContainerItemProxy */;
		};
/* End PBXTargetDependency section */

/* Begin PBXVariantGroup section */
		4B30373025D24ABC002B5334 /* Main.storyboard */ = {
			isa = PBXVariantGroup;
			children = (
				4B30373125D24ABC002B5334 /* Base */,
			);
			name = Main.storyboard;
			sourceTree = "<group>";
		};
		4B30373525D24ABF002B5334 /* LaunchScreen.storyboard */ = {
			isa = PBXVariantGroup;
			children = (
				4B30373625D24ABF002B5334 /* Base */,
			);
			name = LaunchScreen.storyboard;
			sourceTree = "<group>";
		};
/* End PBXVariantGroup section */

/* Begin XCBuildConfiguration section */
		4B30374F25D24AC0002B5334 /* Debug */ = {
			isa = XCBuildConfiguration;
			buildSettings = {
				ALWAYS_SEARCH_USER_PATHS = NO;
				CLANG_ANALYZER_NONNULL = YES;
				CLANG_ANALYZER_NUMBER_OBJECT_CONVERSION = YES_AGGRESSIVE;
				CLANG_CXX_LANGUAGE_STANDARD = "gnu++14";
				CLANG_CXX_LIBRARY = "libc++";
				CLANG_ENABLE_MODULES = YES;
				CLANG_ENABLE_OBJC_ARC = YES;
				CLANG_ENABLE_OBJC_WEAK = YES;
				CLANG_WARN_BLOCK_CAPTURE_AUTORELEASING = YES;
				CLANG_WARN_BOOL_CONVERSION = YES;
				CLANG_WARN_COMMA = YES;
				CLANG_WARN_CONSTANT_CONVERSION = YES;
				CLANG_WARN_DEPRECATED_OBJC_IMPLEMENTATIONS = YES;
				CLANG_WARN_DIRECT_OBJC_ISA_USAGE = YES_ERROR;
				CLANG_WARN_DOCUMENTATION_COMMENTS = YES;
				CLANG_WARN_EMPTY_BODY = YES;
				CLANG_WARN_ENUM_CONVERSION = YES;
				CLANG_WARN_INFINITE_RECURSION = YES;
				CLANG_WARN_INT_CONVERSION = YES;
				CLANG_WARN_NON_LITERAL_NULL_CONVERSION = YES;
				CLANG_WARN_OBJC_IMPLICIT_RETAIN_SELF = YES;
				CLANG_WARN_OBJC_LITERAL_CONVERSION = YES;
				CLANG_WARN_OBJC_ROOT_CLASS = YES_ERROR;
				CLANG_WARN_QUOTED_INCLUDE_IN_FRAMEWORK_HEADER = YES;
				CLANG_WARN_RANGE_LOOP_ANALYSIS = YES;
				CLANG_WARN_STRICT_PROTOTYPES = YES;
				CLANG_WARN_SUSPICIOUS_MOVE = YES;
				CLANG_WARN_UNGUARDED_AVAILABILITY = YES_AGGRESSIVE;
				CLANG_WARN_UNREACHABLE_CODE = YES;
				CLANG_WARN__DUPLICATE_METHOD_MATCH = YES;
				COPY_PHASE_STRIP = NO;
				DEBUG_INFORMATION_FORMAT = dwarf;
				ENABLE_STRICT_OBJC_MSGSEND = YES;
				ENABLE_TESTABILITY = YES;
				GCC_C_LANGUAGE_STANDARD = gnu11;
				GCC_DYNAMIC_NO_PIC = NO;
				GCC_NO_COMMON_BLOCKS = YES;
				GCC_OPTIMIZATION_LEVEL = 0;
				GCC_PREPROCESSOR_DEFINITIONS = (
					"DEBUG=1",
					"$(inherited)",
				);
				GCC_WARN_64_TO_32_BIT_CONVERSION = YES;
				GCC_WARN_ABOUT_RETURN_TYPE = YES_ERROR;
				GCC_WARN_UNDECLARED_SELECTOR = YES;
				GCC_WARN_UNINITIALIZED_AUTOS = YES_AGGRESSIVE;
				GCC_WARN_UNUSED_FUNCTION = YES;
				GCC_WARN_UNUSED_VARIABLE = YES;
				IPHONEOS_DEPLOYMENT_TARGET = 14.3;
				MTL_ENABLE_DEBUG_INFO = INCLUDE_SOURCE;
				MTL_FAST_MATH = YES;
				ONLY_ACTIVE_ARCH = YES;
				SDKROOT = iphoneos;
				SWIFT_ACTIVE_COMPILATION_CONDITIONS = DEBUG;
				SWIFT_OPTIMIZATION_LEVEL = "-Onone";
			};
			name = Debug;
		};
		4B30375025D24AC0002B5334 /* Release */ = {
			isa = XCBuildConfiguration;
			buildSettings = {
				ALWAYS_SEARCH_USER_PATHS = NO;
				CLANG_ANALYZER_NONNULL = YES;
				CLANG_ANALYZER_NUMBER_OBJECT_CONVERSION = YES_AGGRESSIVE;
				CLANG_CXX_LANGUAGE_STANDARD = "gnu++14";
				CLANG_CXX_LIBRARY = "libc++";
				CLANG_ENABLE_MODULES = YES;
				CLANG_ENABLE_OBJC_ARC = YES;
				CLANG_ENABLE_OBJC_WEAK = YES;
				CLANG_WARN_BLOCK_CAPTURE_AUTORELEASING = YES;
				CLANG_WARN_BOOL_CONVERSION = YES;
				CLANG_WARN_COMMA = YES;
				CLANG_WARN_CONSTANT_CONVERSION = YES;
				CLANG_WARN_DEPRECATED_OBJC_IMPLEMENTATIONS = YES;
				CLANG_WARN_DIRECT_OBJC_ISA_USAGE = YES_ERROR;
				CLANG_WARN_DOCUMENTATION_COMMENTS = YES;
				CLANG_WARN_EMPTY_BODY = YES;
				CLANG_WARN_ENUM_CONVERSION = YES;
				CLANG_WARN_INFINITE_RECURSION = YES;
				CLANG_WARN_INT_CONVERSION = YES;
				CLANG_WARN_NON_LITERAL_NULL_CONVERSION = YES;
				CLANG_WARN_OBJC_IMPLICIT_RETAIN_SELF = YES;
				CLANG_WARN_OBJC_LITERAL_CONVERSION = YES;
				CLANG_WARN_OBJC_ROOT_CLASS = YES_ERROR;
				CLANG_WARN_QUOTED_INCLUDE_IN_FRAMEWORK_HEADER = YES;
				CLANG_WARN_RANGE_LOOP_ANALYSIS = YES;
				CLANG_WARN_STRICT_PROTOTYPES = YES;
				CLANG_WARN_SUSPICIOUS_MOVE = YES;
				CLANG_WARN_UNGUARDED_AVAILABILITY = YES_AGGRESSIVE;
				CLANG_WARN_UNREACHABLE_CODE = YES;
				CLANG_WARN__DUPLICATE_METHOD_MATCH = YES;
				COPY_PHASE_STRIP = NO;
				DEBUG_INFORMATION_FORMAT = "dwarf-with-dsym";
				ENABLE_NS_ASSERTIONS = NO;
				ENABLE_STRICT_OBJC_MSGSEND = YES;
				GCC_C_LANGUAGE_STANDARD = gnu11;
				GCC_NO_COMMON_BLOCKS = YES;
				GCC_WARN_64_TO_32_BIT_CONVERSION = YES;
				GCC_WARN_ABOUT_RETURN_TYPE = YES_ERROR;
				GCC_WARN_UNDECLARED_SELECTOR = YES;
				GCC_WARN_UNINITIALIZED_AUTOS = YES_AGGRESSIVE;
				GCC_WARN_UNUSED_FUNCTION = YES;
				GCC_WARN_UNUSED_VARIABLE = YES;
				IPHONEOS_DEPLOYMENT_TARGET = 14.3;
				MTL_ENABLE_DEBUG_INFO = NO;
				MTL_FAST_MATH = YES;
				SDKROOT = iphoneos;
				SWIFT_COMPILATION_MODE = wholemodule;
				SWIFT_OPTIMIZATION_LEVEL = "-O";
				VALIDATE_PRODUCT = YES;
			};
			name = Release;
		};
		4B30375225D24AC0002B5334 /* Debug */ = {
			isa = XCBuildConfiguration;
			baseConfigurationReference = E07CFEC94587539814E62139 /* Pods-Flix.debug.xcconfig */;
			buildSettings = {
				ASSETCATALOG_COMPILER_APPICON_NAME = AppIcon;
				ASSETCATALOG_COMPILER_GLOBAL_ACCENT_COLOR_NAME = AccentColor;
				CODE_SIGN_STYLE = Automatic;
				DEVELOPMENT_TEAM = WHG5893ZRV;
				INFOPLIST_FILE = Flix/Info.plist;
				LD_RUNPATH_SEARCH_PATHS = (
					"$(inherited)",
					"@executable_path/Frameworks",
				);
				PRODUCT_BUNDLE_IDENTIFIER = com.flix.kaur;
				PRODUCT_NAME = "$(TARGET_NAME)";
				SWIFT_VERSION = 5.0;
				TARGETED_DEVICE_FAMILY = "1,2";
			};
			name = Debug;
		};
		4B30375325D24AC0002B5334 /* Release */ = {
			isa = XCBuildConfiguration;
			baseConfigurationReference = 39848001187A9271013EB15B /* Pods-Flix.release.xcconfig */;
			buildSettings = {
				ASSETCATALOG_COMPILER_APPICON_NAME = AppIcon;
				ASSETCATALOG_COMPILER_GLOBAL_ACCENT_COLOR_NAME = AccentColor;
				CODE_SIGN_STYLE = Automatic;
				DEVELOPMENT_TEAM = WHG5893ZRV;
				INFOPLIST_FILE = Flix/Info.plist;
				LD_RUNPATH_SEARCH_PATHS = (
					"$(inherited)",
					"@executable_path/Frameworks",
				);
				PRODUCT_BUNDLE_IDENTIFIER = com.flix.kaur;
				PRODUCT_NAME = "$(TARGET_NAME)";
				SWIFT_VERSION = 5.0;
				TARGETED_DEVICE_FAMILY = "1,2";
			};
			name = Release;
		};
		4B30375525D24AC0002B5334 /* Debug */ = {
			isa = XCBuildConfiguration;
			baseConfigurationReference = 19D3A0D89B38588A1D9A3C11 /* Pods-FlixTests.debug.xcconfig */;
			buildSettings = {
				ALWAYS_EMBED_SWIFT_STANDARD_LIBRARIES = YES;
				BUNDLE_LOADER = "$(TEST_HOST)";
				CODE_SIGN_STYLE = Automatic;
				DEVELOPMENT_TEAM = WHG5893ZRV;
				INFOPLIST_FILE = FlixTests/Info.plist;
				IPHONEOS_DEPLOYMENT_TARGET = 14.3;
				LD_RUNPATH_SEARCH_PATHS = (
					"$(inherited)",
					"@executable_path/Frameworks",
					"@loader_path/Frameworks",
				);
				PRODUCT_BUNDLE_IDENTIFIER = com.komalkaur.FlixTests;
				PRODUCT_NAME = "$(TARGET_NAME)";
				SWIFT_VERSION = 5.0;
				TARGETED_DEVICE_FAMILY = "1,2";
				TEST_HOST = "$(BUILT_PRODUCTS_DIR)/Flix.app/Flix";
			};
			name = Debug;
		};
		4B30375625D24AC0002B5334 /* Release */ = {
			isa = XCBuildConfiguration;
			baseConfigurationReference = 27F608D3704822FEC631F65B /* Pods-FlixTests.release.xcconfig */;
			buildSettings = {
				ALWAYS_EMBED_SWIFT_STANDARD_LIBRARIES = YES;
				BUNDLE_LOADER = "$(TEST_HOST)";
				CODE_SIGN_STYLE = Automatic;
				DEVELOPMENT_TEAM = WHG5893ZRV;
				INFOPLIST_FILE = FlixTests/Info.plist;
				IPHONEOS_DEPLOYMENT_TARGET = 14.3;
				LD_RUNPATH_SEARCH_PATHS = (
					"$(inherited)",
					"@executable_path/Frameworks",
					"@loader_path/Frameworks",
				);
				PRODUCT_BUNDLE_IDENTIFIER = com.komalkaur.FlixTests;
				PRODUCT_NAME = "$(TARGET_NAME)";
				SWIFT_VERSION = 5.0;
				TARGETED_DEVICE_FAMILY = "1,2";
				TEST_HOST = "$(BUILT_PRODUCTS_DIR)/Flix.app/Flix";
			};
			name = Release;
		};
		4B30375825D24AC0002B5334 /* Debug */ = {
			isa = XCBuildConfiguration;
			baseConfigurationReference = 6E3D5C126999667D04F5583D /* Pods-Flix-FlixUITests.debug.xcconfig */;
			buildSettings = {
				ALWAYS_EMBED_SWIFT_STANDARD_LIBRARIES = YES;
				CODE_SIGN_STYLE = Automatic;
				DEVELOPMENT_TEAM = WHG5893ZRV;
				INFOPLIST_FILE = FlixUITests/Info.plist;
				LD_RUNPATH_SEARCH_PATHS = (
					"$(inherited)",
					"@executable_path/Frameworks",
					"@loader_path/Frameworks",
				);
				PRODUCT_BUNDLE_IDENTIFIER = com.komalkaur.FlixUITests;
				PRODUCT_NAME = "$(TARGET_NAME)";
				SWIFT_VERSION = 5.0;
				TARGETED_DEVICE_FAMILY = "1,2";
				TEST_TARGET_NAME = Flix;
			};
			name = Debug;
		};
		4B30375925D24AC0002B5334 /* Release */ = {
			isa = XCBuildConfiguration;
			baseConfigurationReference = 33B1FC03EAE2A0ACC745B367 /* Pods-Flix-FlixUITests.release.xcconfig */;
			buildSettings = {
				ALWAYS_EMBED_SWIFT_STANDARD_LIBRARIES = YES;
				CODE_SIGN_STYLE = Automatic;
				DEVELOPMENT_TEAM = WHG5893ZRV;
				INFOPLIST_FILE = FlixUITests/Info.plist;
				LD_RUNPATH_SEARCH_PATHS = (
					"$(inherited)",
					"@executable_path/Frameworks",
					"@loader_path/Frameworks",
				);
				PRODUCT_BUNDLE_IDENTIFIER = com.komalkaur.FlixUITests;
				PRODUCT_NAME = "$(TARGET_NAME)";
				SWIFT_VERSION = 5.0;
				TARGETED_DEVICE_FAMILY = "1,2";
				TEST_TARGET_NAME = Flix;
			};
			name = Release;
		};
/* End XCBuildConfiguration section */

/* Begin XCConfigurationList section */
		4B30372225D24ABC002B5334 /* Build configuration list for PBXProject "Flix" */ = {
			isa = XCConfigurationList;
			buildConfigurations = (
				4B30374F25D24AC0002B5334 /* Debug */,
				4B30375025D24AC0002B5334 /* Release */,
			);
			defaultConfigurationIsVisible = 0;
			defaultConfigurationName = Release;
		};
		4B30375125D24AC0002B5334 /* Build configuration list for PBXNativeTarget "Flix" */ = {
			isa = XCConfigurationList;
			buildConfigurations = (
				4B30375225D24AC0002B5334 /* Debug */,
				4B30375325D24AC0002B5334 /* Release */,
			);
			defaultConfigurationIsVisible = 0;
			defaultConfigurationName = Release;
		};
		4B30375425D24AC0002B5334 /* Build configuration list for PBXNativeTarget "FlixTests" */ = {
			isa = XCConfigurationList;
			buildConfigurations = (
				4B30375525D24AC0002B5334 /* Debug */,
				4B30375625D24AC0002B5334 /* Release */,
			);
			defaultConfigurationIsVisible = 0;
			defaultConfigurationName = Release;
		};
		4B30375725D24AC0002B5334 /* Build configuration list for PBXNativeTarget "FlixUITests" */ = {
			isa = XCConfigurationList;
			buildConfigurations = (
				4B30375825D24AC0002B5334 /* Debug */,
				4B30375925D24AC0002B5334 /* Release */,
			);
			defaultConfigurationIsVisible = 0;
			defaultConfigurationName = Release;
		};
/* End XCConfigurationList section */
	};
	rootObject = 4B30371F25D24ABC002B5334 /* Project object */;
}
